<?xml version="1.0" encoding="utf-8"?>
<Project ToolsVersion="4.0" xmlns="http://schemas.microsoft.com/developer/msbuild/2003">
  <ItemGroup>
    <ClCompile Include="main.cpp" />
    <ClCompile Include="Game.cpp" />
    <ClCompile Include="EntityBehavior.cpp">
      <Filter>Entities\Entity Behaviors</Filter>
    </ClCompile>
    <ClCompile Include="EntityBehaviorHandler.cpp">
      <Filter>Entities\Entity Behaviors</Filter>
    </ClCompile>
    <ClCompile Include="EBFollow.cpp">
      <Filter>Entities\Entity Behaviors\Behavior Definitions</Filter>
    </ClCompile>
    <ClCompile Include="EBStats.cpp">
      <Filter>Entities\Entity Behaviors\Behavior Definitions</Filter>
    </ClCompile>
    <ClCompile Include="EBSpikey.cpp">
      <Filter>Entities\Entity Behaviors\Behavior Definitions</Filter>
    </ClCompile>
    <ClCompile Include="UIElement.cpp">
      <Filter>User Interface</Filter>
    </ClCompile>
    <ClCompile Include="UIHealthBar.cpp">
      <Filter>User Interface\Interface Elements</Filter>
    </ClCompile>
    <ClCompile Include="Entity.cpp">
      <Filter>Entities\Entity Types</Filter>
    </ClCompile>
    <ClCompile Include="EnemyEntity.cpp">
      <Filter>Entities\Entity Types</Filter>
    </ClCompile>
    <ClCompile Include="ReticuleEntity.cpp">
      <Filter>Entities\Entity Types</Filter>
    </ClCompile>
    <ClCompile Include="EntityTrap.cpp">
      <Filter>Entities\Entity Types\Traps</Filter>
    </ClCompile>
    <ClCompile Include="EBSticky.cpp">
      <Filter>Entities\Entity Behaviors\Behavior Definitions</Filter>
    </ClCompile>
  </ItemGroup>
  <ItemGroup>
    <ClInclude Include="Game.h" />
    <ClInclude Include="EntityBehavior.h">
      <Filter>Entities\Entity Behaviors</Filter>
    </ClInclude>
    <ClInclude Include="EntityBehaviorHandler.h">
      <Filter>Entities\Entity Behaviors</Filter>
    </ClInclude>
    <ClInclude Include="EBStats.h">
      <Filter>Entities\Entity Behaviors\Behavior Definitions</Filter>
    </ClInclude>
    <ClInclude Include="EBFollow.h">
      <Filter>Entities\Entity Behaviors\Behavior Definitions</Filter>
    </ClInclude>
    <ClInclude Include="EBSpikey.h">
      <Filter>Entities\Entity Behaviors\Behavior Definitions</Filter>
    </ClInclude>
    <ClInclude Include="GameHelper.h" />
    <ClInclude Include="UIElement.h">
      <Filter>User Interface</Filter>
    </ClInclude>
    <ClInclude Include="Renderable.h">
      <Filter>Bases</Filter>
    </ClInclude>
    <ClInclude Include="Destroyable.h">
      <Filter>Bases</Filter>
    </ClInclude>
    <ClInclude Include="UIHealthBar.h">
      <Filter>User Interface\Interface Elements</Filter>
    </ClInclude>
    <ClInclude Include="EntityProperties.h">
      <Filter>Entities\Entity Behaviors</Filter>
    </ClInclude>
    <ClInclude Include="Entity.h">
      <Filter>Entities\Entity Types</Filter>
    </ClInclude>
    <ClInclude Include="EnemyEntity.h">
      <Filter>Entities\Entity Types</Filter>
    </ClInclude>
    <ClInclude Include="ReticuleEntity.h">
      <Filter>Entities\Entity Types</Filter>
    </ClInclude>
    <ClInclude Include="TrapType.h">
      <Filter>Entities\Entity Types\Traps</Filter>
    </ClInclude>
    <ClInclude Include="EntityTrap.h">
      <Filter>Entities\Entity Types\Traps</Filter>
    </ClInclude>
    <ClInclude Include="EBSticky.h">
      <Filter>Entities\Entity Behaviors\Behavior Definitions</Filter>
    </ClInclude>
  </ItemGroup>
  <ItemGroup>
    <Filter Include="Entities">
      <UniqueIdentifier>{71c59ea3-9fb0-47a9-bcdc-39caf15ce4c6}</UniqueIdentifier>
    </Filter>
    <Filter Include="Entities\Entity Behaviors">
      <UniqueIdentifier>{32b1b35d-6cae-47b3-a02a-6260409c6564}</UniqueIdentifier>
    </Filter>
    <Filter Include="Entities\Entity Behaviors\Behavior Definitions">
      <UniqueIdentifier>{fd8b7db5-1ea4-4750-8ec4-f8bce286a1e5}</UniqueIdentifier>
    </Filter>
    <Filter Include="User Interface">
      <UniqueIdentifier>{a982332e-90d4-4cf0-8df6-9e121f5d1ce4}</UniqueIdentifier>
    </Filter>
    <Filter Include="Bases">
      <UniqueIdentifier>{69f60085-8dc9-4047-99f2-154580914283}</UniqueIdentifier>
    </Filter>
    <Filter Include="User Interface\Interface Elements">
      <UniqueIdentifier>{49be653f-d022-47b3-9a3c-f8effcd4d2dd}</UniqueIdentifier>
    </Filter>
    <Filter Include="Entities\Entity Types">
      <UniqueIdentifier>{b8ebcf40-83ab-4f27-8cf0-b96e33d76deb}</UniqueIdentifier>
    </Filter>
    <Filter Include="Entities\Entity Types\Traps">
      <UniqueIdentifier>{5419e148-7dee-43fe-80eb-43b1d221f641}</UniqueIdentifier>
    </Filter>
  </ItemGroup>
</Project>