<?xml version="1.0" encoding="utf-8"?>
<Project ToolsVersion="4.0" xmlns="http://schemas.microsoft.com/developer/msbuild/2003">
  <ItemGroup>
    <ClCompile Include="EntityTrap.cpp">
      <Filter>Game\Entities\Traps</Filter>
    </ClCompile>
    <ClCompile Include="Game.cpp">
      <Filter>Engine\State</Filter>
    </ClCompile>
    <ClCompile Include="EntityBehaviorHandler.cpp">
      <Filter>Engine\Entities</Filter>
    </ClCompile>
    <ClCompile Include="EntityBehavior.cpp">
      <Filter>Engine\Entities</Filter>
    </ClCompile>
    <ClCompile Include="Entity.cpp">
      <Filter>Engine\Entities</Filter>
    </ClCompile>
    <ClCompile Include="EnemyEntity.cpp">
      <Filter>Game\Entities</Filter>
    </ClCompile>
    <ClCompile Include="PlayerEntity.cpp">
      <Filter>Game\Entities</Filter>
    </ClCompile>
    <ClCompile Include="ReticuleEntity.cpp">
      <Filter>Game\Entities</Filter>
    </ClCompile>
    <ClCompile Include="UIElement.cpp">
      <Filter>Engine\Graphics</Filter>
    </ClCompile>
    <ClCompile Include="UIHealthBar.cpp">
      <Filter>Game\User Interface</Filter>
    </ClCompile>
    <ClCompile Include="main.cpp">
      <Filter>Game</Filter>
    </ClCompile>
    <ClCompile Include="EBFollow.cpp">
      <Filter>Game\Entities\Entity Behaviors</Filter>
    </ClCompile>
    <ClCompile Include="EBSpikey.cpp">
      <Filter>Game\Entities\Entity Behaviors</Filter>
    </ClCompile>
    <ClCompile Include="EBStats.cpp">
      <Filter>Game\Entities\Entity Behaviors</Filter>
    </ClCompile>
    <ClCompile Include="EBSticky.cpp">
      <Filter>Game\Entities\Entity Behaviors</Filter>
    </ClCompile>
    <ClCompile Include="SpriteAnimation.cpp">
      <Filter>Engine\Graphics</Filter>
    </ClCompile>
    <ClCompile Include="AnimatedEntity.cpp">
      <Filter>Engine\Entities</Filter>
    </ClCompile>
  </ItemGroup>
  <ItemGroup>
    <ClInclude Include="EntityTrap.h">
      <Filter>Game\Entities\Traps</Filter>
    </ClInclude>
    <ClInclude Include="TrapTypes.h">
      <Filter>Game\Entities\Traps</Filter>
    </ClInclude>
    <ClInclude Include="Game.h">
      <Filter>Engine\State</Filter>
    </ClInclude>
    <ClInclude Include="GameHelper.h">
      <Filter>Engine\Utilities</Filter>
    </ClInclude>
    <ClInclude Include="EntityProperties.h">
      <Filter>Engine\Entities</Filter>
    </ClInclude>
    <ClInclude Include="EntityBehaviorHandler.h">
      <Filter>Engine\Entities</Filter>
    </ClInclude>
    <ClInclude Include="EntityBehavior.h">
      <Filter>Engine\Entities</Filter>
    </ClInclude>
    <ClInclude Include="Renderable.h">
      <Filter>Engine\Bases</Filter>
    </ClInclude>
    <ClInclude Include="Destroyable.h">
      <Filter>Engine\Bases</Filter>
    </ClInclude>
    <ClInclude Include="Entity.h">
      <Filter>Engine\Entities</Filter>
    </ClInclude>
    <ClInclude Include="ReticuleEntity.h">
      <Filter>Game\Entities</Filter>
    </ClInclude>
    <ClInclude Include="EnemyEntity.h">
      <Filter>Game\Entities</Filter>
    </ClInclude>
    <ClInclude Include="PlayerEntity.h">
      <Filter>Game\Entities</Filter>
    </ClInclude>
    <ClInclude Include="UIElement.h">
      <Filter>Engine\Graphics</Filter>
    </ClInclude>
    <ClInclude Include="UITrapSelector.h">
      <Filter>Game\User Interface</Filter>
    </ClInclude>
    <ClInclude Include="UIHealthBar.h">
      <Filter>Game\User Interface</Filter>
    </ClInclude>
    <ClInclude Include="EBSticky.h">
      <Filter>Game\Entities\Entity Behaviors</Filter>
    </ClInclude>
    <ClInclude Include="EBFollow.h">
      <Filter>Game\Entities\Entity Behaviors</Filter>
    </ClInclude>
    <ClInclude Include="EBSpikey.h">
      <Filter>Game\Entities\Entity Behaviors</Filter>
    </ClInclude>
    <ClInclude Include="EBStats.h">
      <Filter>Game\Entities\Entity Behaviors</Filter>
    </ClInclude>
    <ClInclude Include="ImageLoadException.h">
      <Filter>Engine\Exceptions</Filter>
    </ClInclude>
    <ClInclude Include="SpriteAnimation.h">
      <Filter>Engine\Graphics</Filter>
    </ClInclude>
    <ClInclude Include="AnimatedEntity.h">
      <Filter>Engine\Entities</Filter>
    </ClInclude>
  </ItemGroup>
  <ItemGroup>
    <Filter Include="Engine">
      <UniqueIdentifier>{c4b6ff65-37df-4faf-8557-436d36289dbe}</UniqueIdentifier>
    </Filter>
    <Filter Include="Engine\State">
      <UniqueIdentifier>{033bf397-fb76-4c6c-a289-3a32bd3e754a}</UniqueIdentifier>
    </Filter>
    <Filter Include="Engine\Utilities">
      <UniqueIdentifier>{d78b0b7d-0cf7-4ad9-99c2-0dd78389eb33}</UniqueIdentifier>
    </Filter>
    <Filter Include="Engine\Graphics">
      <UniqueIdentifier>{006dde9d-2a38-49d9-b49f-a1b469da5a59}</UniqueIdentifier>
    </Filter>
    <Filter Include="Engine\Entities">
      <UniqueIdentifier>{ca9a707a-1c20-4366-8466-fef1733fc1df}</UniqueIdentifier>
    </Filter>
    <Filter Include="Engine\Bases">
      <UniqueIdentifier>{afeb9129-0cc7-44fc-ac7e-fafcd8ecd282}</UniqueIdentifier>
    </Filter>
    <Filter Include="Game">
      <UniqueIdentifier>{fc956078-2a5a-489d-8982-5f61a4751588}</UniqueIdentifier>
    </Filter>
    <Filter Include="Game\Entities">
      <UniqueIdentifier>{2fe59c4b-4cc5-4574-8ef2-e22bf7a1304a}</UniqueIdentifier>
    </Filter>
    <Filter Include="Game\User Interface">
      <UniqueIdentifier>{a982332e-90d4-4cf0-8df6-9e121f5d1ce4}</UniqueIdentifier>
    </Filter>
    <Filter Include="Game\Entities\Entity Behaviors">
      <UniqueIdentifier>{32b1b35d-6cae-47b3-a02a-6260409c6564}</UniqueIdentifier>
    </Filter>
    <Filter Include="Game\Entities\Traps">
      <UniqueIdentifier>{5419e148-7dee-43fe-80eb-43b1d221f641}</UniqueIdentifier>
    </Filter>
    <Filter Include="Engine\Exceptions">
      <UniqueIdentifier>{35f93153-d22b-4881-aa00-bb0b0e6c522e}</UniqueIdentifier>
    </Filter>
  </ItemGroup>
</Project>